// !$*UTF8*$!
{
	archiveVersion = 1;
	classes = {
	};
	objectVersion = 56;
	objects = {

/* Begin PBXBuildFile section */
		F912DD4C2D58191A007A72B9 /* AppDelegate.swift in Sources */ = {isa = PBXBuildFile; fileRef = F912DD4B2D58191A007A72B9 /* AppDelegate.swift */; };
		F912DD4E2D58191A007A72B9 /* SceneDelegate.swift in Sources */ = {isa = PBXBuildFile; fileRef = F912DD4D2D58191A007A72B9 /* SceneDelegate.swift */; };
		F912DD502D58191A007A72B9 /* ViewController.swift in Sources */ = {isa = PBXBuildFile; fileRef = F912DD4F2D58191A007A72B9 /* ViewController.swift */; };
		F912DD532D58191A007A72B9 /* Base in Resources */ = {isa = PBXBuildFile; fileRef = F912DD522D58191A007A72B9 /* Base */; };
		F912DD562D58191A007A72B9 /* UserManagementApp.xcdatamodeld in Sources */ = {isa = PBXBuildFile; fileRef = F912DD542D58191A007A72B9 /* UserManagementApp.xcdatamodeld */; };
		F912DD582D58191B007A72B9 /* Assets.xcassets in Resources */ = {isa = PBXBuildFile; fileRef = F912DD572D58191B007A72B9 /* Assets.xcassets */; };
		F912DD5B2D58191B007A72B9 /* Base in Resources */ = {isa = PBXBuildFile; fileRef = F912DD5A2D58191B007A72B9 /* Base */; };
		F912DD662D58191B007A72B9 /* UserManagementAppTests.swift in Sources */ = {isa = PBXBuildFile; fileRef = F912DD652D58191B007A72B9 /* UserManagementAppTests.swift */; };
		F912DD702D58191B007A72B9 /* UserManagementAppUITests.swift in Sources */ = {isa = PBXBuildFile; fileRef = F912DD6F2D58191B007A72B9 /* UserManagementAppUITests.swift */; };
		F912DD722D58191B007A72B9 /* UserManagementAppUITestsLaunchTests.swift in Sources */ = {isa = PBXBuildFile; fileRef = F912DD712D58191B007A72B9 /* UserManagementAppUITestsLaunchTests.swift */; };
		F912DD862D581BF3007A72B9 /* APIEndpoints.swift in Sources */ = {isa = PBXBuildFile; fileRef = F912DD852D581BF3007A72B9 /* APIEndpoints.swift */; };
		F912DD882D581DCA007A72B9 /* NetworkManager.swift in Sources */ = {isa = PBXBuildFile; fileRef = F912DD872D581DCA007A72B9 /* NetworkManager.swift */; };
		F912DD8A2D581E55007A72B9 /* AppUser.swift in Sources */ = {isa = PBXBuildFile; fileRef = F912DD892D581E55007A72B9 /* AppUser.swift */; };
		F912DD8C2D582280007A72B9 /* UserRepository.swift in Sources */ = {isa = PBXBuildFile; fileRef = F912DD8B2D582280007A72B9 /* UserRepository.swift */; };
		F912DD8E2D582873007A72B9 /* UserListViewModel.swift in Sources */ = {isa = PBXBuildFile; fileRef = F912DD8D2D582873007A72B9 /* UserListViewModel.swift */; };
		F912DD902D582AD5007A72B9 /* UserListViewController.swift in Sources */ = {isa = PBXBuildFile; fileRef = F912DD8F2D582AD5007A72B9 /* UserListViewController.swift */; };
		F912DD922D582C9B007A72B9 /* UserCell.swift in Sources */ = {isa = PBXBuildFile; fileRef = F912DD912D582C9B007A72B9 /* UserCell.swift */; };
		F912DD942D582D74007A72B9 /* UserListVC+TableView.swift in Sources */ = {isa = PBXBuildFile; fileRef = F912DD932D582D74007A72B9 /* UserListVC+TableView.swift */; };
		F912DD962D582E3E007A72B9 /* UserListVC+Alert.swift in Sources */ = {isa = PBXBuildFile; fileRef = F912DD952D582E3E007A72B9 /* UserListVC+Alert.swift */; };
		F912DD982D583222007A72B9 /* UserDetailViewController.swift in Sources */ = {isa = PBXBuildFile; fileRef = F912DD972D583222007A72B9 /* UserDetailViewController.swift */; };
		F912DD9F2D583F2B007A72B9 /* MockUserRepository.swift in Sources */ = {isa = PBXBuildFile; fileRef = F912DD9E2D583F2B007A72B9 /* MockUserRepository.swift */; };
/* End PBXBuildFile section */

/* Begin PBXContainerItemProxy section */
		F912DD622D58191B007A72B9 /* PBXContainerItemProxy */ = {
			isa = PBXContainerItemProxy;
			containerPortal = F912DD402D58191A007A72B9 /* Project object */;
			proxyType = 1;
			remoteGlobalIDString = F912DD472D58191A007A72B9;
			remoteInfo = UserManagementApp;
		};
		F912DD6C2D58191B007A72B9 /* PBXContainerItemProxy */ = {
			isa = PBXContainerItemProxy;
			containerPortal = F912DD402D58191A007A72B9 /* Project object */;
			proxyType = 1;
			remoteGlobalIDString = F912DD472D58191A007A72B9;
			remoteInfo = UserManagementApp;
		};
/* End PBXContainerItemProxy section */

/* Begin PBXFileReference section */
		F912DD482D58191A007A72B9 /* UserManagementApp.app */ = {isa = PBXFileReference; explicitFileType = wrapper.application; includeInIndex = 0; path = UserManagementApp.app; sourceTree = BUILT_PRODUCTS_DIR; };
		F912DD4B2D58191A007A72B9 /* AppDelegate.swift */ = {isa = PBXFileReference; lastKnownFileType = sourcecode.swift; path = AppDelegate.swift; sourceTree = "<group>"; };
		F912DD4D2D58191A007A72B9 /* SceneDelegate.swift */ = {isa = PBXFileReference; lastKnownFileType = sourcecode.swift; path = SceneDelegate.swift; sourceTree = "<group>"; };
		F912DD4F2D58191A007A72B9 /* ViewController.swift */ = {isa = PBXFileReference; lastKnownFileType = sourcecode.swift; path = ViewController.swift; sourceTree = "<group>"; };
		F912DD522D58191A007A72B9 /* Base */ = {isa = PBXFileReference; lastKnownFileType = file.storyboard; name = Base; path = Base.lproj/Main.storyboard; sourceTree = "<group>"; };
		F912DD552D58191A007A72B9 /* UserManagementApp.xcdatamodel */ = {isa = PBXFileReference; lastKnownFileType = wrapper.xcdatamodel; path = UserManagementApp.xcdatamodel; sourceTree = "<group>"; };
		F912DD572D58191B007A72B9 /* Assets.xcassets */ = {isa = PBXFileReference; lastKnownFileType = folder.assetcatalog; path = Assets.xcassets; sourceTree = "<group>"; };
		F912DD5A2D58191B007A72B9 /* Base */ = {isa = PBXFileReference; lastKnownFileType = file.storyboard; name = Base; path = Base.lproj/LaunchScreen.storyboard; sourceTree = "<group>"; };
		F912DD5C2D58191B007A72B9 /* Info.plist */ = {isa = PBXFileReference; lastKnownFileType = text.plist.xml; path = Info.plist; sourceTree = "<group>"; };
		F912DD612D58191B007A72B9 /* UserManagementAppTests.xctest */ = {isa = PBXFileReference; explicitFileType = wrapper.cfbundle; includeInIndex = 0; path = UserManagementAppTests.xctest; sourceTree = BUILT_PRODUCTS_DIR; };
		F912DD652D58191B007A72B9 /* UserManagementAppTests.swift */ = {isa = PBXFileReference; lastKnownFileType = sourcecode.swift; path = UserManagementAppTests.swift; sourceTree = "<group>"; };
		F912DD6B2D58191B007A72B9 /* UserManagementAppUITests.xctest */ = {isa = PBXFileReference; explicitFileType = wrapper.cfbundle; includeInIndex = 0; path = UserManagementAppUITests.xctest; sourceTree = BUILT_PRODUCTS_DIR; };
		F912DD6F2D58191B007A72B9 /* UserManagementAppUITests.swift */ = {isa = PBXFileReference; lastKnownFileType = sourcecode.swift; path = UserManagementAppUITests.swift; sourceTree = "<group>"; };
		F912DD712D58191B007A72B9 /* UserManagementAppUITestsLaunchTests.swift */ = {isa = PBXFileReference; lastKnownFileType = sourcecode.swift; path = UserManagementAppUITestsLaunchTests.swift; sourceTree = "<group>"; };
		F912DD852D581BF3007A72B9 /* APIEndpoints.swift */ = {isa = PBXFileReference; lastKnownFileType = sourcecode.swift; path = APIEndpoints.swift; sourceTree = "<group>"; };
		F912DD872D581DCA007A72B9 /* NetworkManager.swift */ = {isa = PBXFileReference; lastKnownFileType = sourcecode.swift; path = NetworkManager.swift; sourceTree = "<group>"; };
		F912DD892D581E55007A72B9 /* AppUser.swift */ = {isa = PBXFileReference; lastKnownFileType = sourcecode.swift; path = AppUser.swift; sourceTree = "<group>"; };
		F912DD8B2D582280007A72B9 /* UserRepository.swift */ = {isa = PBXFileReference; lastKnownFileType = sourcecode.swift; path = UserRepository.swift; sourceTree = "<group>"; };
		F912DD8D2D582873007A72B9 /* UserListViewModel.swift */ = {isa = PBXFileReference; lastKnownFileType = sourcecode.swift; path = UserListViewModel.swift; sourceTree = "<group>"; };
		F912DD8F2D582AD5007A72B9 /* UserListViewController.swift */ = {isa = PBXFileReference; lastKnownFileType = sourcecode.swift; path = UserListViewController.swift; sourceTree = "<group>"; };
		F912DD912D582C9B007A72B9 /* UserCell.swift */ = {isa = PBXFileReference; lastKnownFileType = sourcecode.swift; path = UserCell.swift; sourceTree = "<group>"; };
		F912DD932D582D74007A72B9 /* UserListVC+TableView.swift */ = {isa = PBXFileReference; lastKnownFileType = sourcecode.swift; path = "UserListVC+TableView.swift"; sourceTree = "<group>"; };
		F912DD952D582E3E007A72B9 /* UserListVC+Alert.swift */ = {isa = PBXFileReference; lastKnownFileType = sourcecode.swift; path = "UserListVC+Alert.swift"; sourceTree = "<group>"; };
		F912DD972D583222007A72B9 /* UserDetailViewController.swift */ = {isa = PBXFileReference; lastKnownFileType = sourcecode.swift; path = UserDetailViewController.swift; sourceTree = "<group>"; };
		F912DD9E2D583F2B007A72B9 /* MockUserRepository.swift */ = {isa = PBXFileReference; lastKnownFileType = sourcecode.swift; path = MockUserRepository.swift; sourceTree = "<group>"; };
/* End PBXFileReference section */

/* Begin PBXFrameworksBuildPhase section */
		F912DD452D58191A007A72B9 /* Frameworks */ = {
			isa = PBXFrameworksBuildPhase;
			buildActionMask = 2147483647;
			files = (
			);
			runOnlyForDeploymentPostprocessing = 0;
		};
		F912DD5E2D58191B007A72B9 /* Frameworks */ = {
			isa = PBXFrameworksBuildPhase;
			buildActionMask = 2147483647;
			files = (
			);
			runOnlyForDeploymentPostprocessing = 0;
		};
		F912DD682D58191B007A72B9 /* Frameworks */ = {
			isa = PBXFrameworksBuildPhase;
			buildActionMask = 2147483647;
			files = (
			);
			runOnlyForDeploymentPostprocessing = 0;
		};
/* End PBXFrameworksBuildPhase section */

/* Begin PBXGroup section */
		F912DD3F2D58191A007A72B9 = {
			isa = PBXGroup;
			children = (
				F912DD4A2D58191A007A72B9 /* UserManagementApp */,
				F912DD642D58191B007A72B9 /* UserManagementAppTests */,
				F912DD6E2D58191B007A72B9 /* UserManagementAppUITests */,
				F912DD492D58191A007A72B9 /* Products */,
			);
			sourceTree = "<group>";
		};
		F912DD492D58191A007A72B9 /* Products */ = {
			isa = PBXGroup;
			children = (
				F912DD482D58191A007A72B9 /* UserManagementApp.app */,
				F912DD612D58191B007A72B9 /* UserManagementAppTests.xctest */,
				F912DD6B2D58191B007A72B9 /* UserManagementAppUITests.xctest */,
			);
			name = Products;
			sourceTree = "<group>";
		};
		F912DD4A2D58191A007A72B9 /* UserManagementApp */ = {
			isa = PBXGroup;
			children = (
				F912DD542D58191A007A72B9 /* UserManagementApp.xcdatamodeld */,
				F912DD5C2D58191B007A72B9 /* Info.plist */,
				F912DD842D581B0D007A72B9 /* App */,
				F912DD832D581AF7007A72B9 /* Models */,
				F912DD822D581AE2007A72B9 /* ViewModels */,
				F912DD812D581ADA007A72B9 /* Views */,
				F912DD802D581ACB007A72B9 /* Services */,
				F912DD7F2D581ABA007A72B9 /* Extensions */,
				F912DD7E2D581A99007A72B9 /* Resources */,
			);
			path = UserManagementApp;
			sourceTree = "<group>";
		};
		F912DD642D58191B007A72B9 /* UserManagementAppTests */ = {
			isa = PBXGroup;
			children = (
				F912DD652D58191B007A72B9 /* UserManagementAppTests.swift */,
				F912DD9E2D583F2B007A72B9 /* MockUserRepository.swift */,
			);
			path = UserManagementAppTests;
			sourceTree = "<group>";
		};
		F912DD6E2D58191B007A72B9 /* UserManagementAppUITests */ = {
			isa = PBXGroup;
			children = (
				F912DD6F2D58191B007A72B9 /* UserManagementAppUITests.swift */,
				F912DD712D58191B007A72B9 /* UserManagementAppUITestsLaunchTests.swift */,
			);
			path = UserManagementAppUITests;
			sourceTree = "<group>";
		};
		F912DD7E2D581A99007A72B9 /* Resources */ = {
			isa = PBXGroup;
			children = (
				F912DD4F2D58191A007A72B9 /* ViewController.swift */,
				F912DD512D58191A007A72B9 /* Main.storyboard */,
				F912DD572D58191B007A72B9 /* Assets.xcassets */,
				F912DD592D58191B007A72B9 /* LaunchScreen.storyboard */,
			);
			path = Resources;
			sourceTree = "<group>";
		};
		F912DD7F2D581ABA007A72B9 /* Extensions */ = {
			isa = PBXGroup;
			children = (
				F912DD932D582D74007A72B9 /* UserListVC+TableView.swift */,
				F912DD952D582E3E007A72B9 /* UserListVC+Alert.swift */,
			);
			path = Extensions;
			sourceTree = "<group>";
		};
		F912DD802D581ACB007A72B9 /* Services */ = {
			isa = PBXGroup;
			children = (
				F912DD852D581BF3007A72B9 /* APIEndpoints.swift */,
				F912DD872D581DCA007A72B9 /* NetworkManager.swift */,
				F912DD8B2D582280007A72B9 /* UserRepository.swift */,
			);
			path = Services;
			sourceTree = "<group>";
		};
		F912DD812D581ADA007A72B9 /* Views */ = {
			isa = PBXGroup;
			children = (
				F912DD8F2D582AD5007A72B9 /* UserListViewController.swift */,
				F912DD912D582C9B007A72B9 /* UserCell.swift */,
				F912DD972D583222007A72B9 /* UserDetailViewController.swift */,
			);
			path = Views;
			sourceTree = "<group>";
		};
		F912DD822D581AE2007A72B9 /* ViewModels */ = {
			isa = PBXGroup;
			children = (
				F912DD8D2D582873007A72B9 /* UserListViewModel.swift */,
			);
			path = ViewModels;
			sourceTree = "<group>";
		};
		F912DD832D581AF7007A72B9 /* Models */ = {
			isa = PBXGroup;
			children = (
				F912DD892D581E55007A72B9 /* AppUser.swift */,
			);
			path = Models;
			sourceTree = "<group>";
		};
		F912DD842D581B0D007A72B9 /* App */ = {
			isa = PBXGroup;
			children = (
				F912DD4B2D58191A007A72B9 /* AppDelegate.swift */,
				F912DD4D2D58191A007A72B9 /* SceneDelegate.swift */,
			);
			path = App;
			sourceTree = "<group>";
		};
/* End PBXGroup section */

/* Begin PBXNativeTarget section */
		F912DD472D58191A007A72B9 /* UserManagementApp */ = {
			isa = PBXNativeTarget;
			buildConfigurationList = F912DD752D58191B007A72B9 /* Build configuration list for PBXNativeTarget "UserManagementApp" */;
			buildPhases = (
				F912DD442D58191A007A72B9 /* Sources */,
				F912DD452D58191A007A72B9 /* Frameworks */,
				F912DD462D58191A007A72B9 /* Resources */,
			);
			buildRules = (
			);
			dependencies = (
			);
			name = UserManagementApp;
			productName = UserManagementApp;
			productReference = F912DD482D58191A007A72B9 /* UserManagementApp.app */;
			productType = "com.apple.product-type.application";
		};
		F912DD602D58191B007A72B9 /* UserManagementAppTests */ = {
			isa = PBXNativeTarget;
			buildConfigurationList = F912DD782D58191B007A72B9 /* Build configuration list for PBXNativeTarget "UserManagementAppTests" */;
			buildPhases = (
				F912DD5D2D58191B007A72B9 /* Sources */,
				F912DD5E2D58191B007A72B9 /* Frameworks */,
				F912DD5F2D58191B007A72B9 /* Resources */,
			);
			buildRules = (
			);
			dependencies = (
				F912DD632D58191B007A72B9 /* PBXTargetDependency */,
			);
			name = UserManagementAppTests;
			productName = UserManagementAppTests;
			productReference = F912DD612D58191B007A72B9 /* UserManagementAppTests.xctest */;
			productType = "com.apple.product-type.bundle.unit-test";
		};
		F912DD6A2D58191B007A72B9 /* UserManagementAppUITests */ = {
			isa = PBXNativeTarget;
			buildConfigurationList = F912DD7B2D58191B007A72B9 /* Build configuration list for PBXNativeTarget "UserManagementAppUITests" */;
			buildPhases = (
				F912DD672D58191B007A72B9 /* Sources */,
				F912DD682D58191B007A72B9 /* Frameworks */,
				F912DD692D58191B007A72B9 /* Resources */,
			);
			buildRules = (
			);
			dependencies = (
				F912DD6D2D58191B007A72B9 /* PBXTargetDependency */,
			);
			name = UserManagementAppUITests;
			productName = UserManagementAppUITests;
			productReference = F912DD6B2D58191B007A72B9 /* UserManagementAppUITests.xctest */;
			productType = "com.apple.product-type.bundle.ui-testing";
		};
/* End PBXNativeTarget section */

/* Begin PBXProject section */
		F912DD402D58191A007A72B9 /* Project object */ = {
			isa = PBXProject;
			attributes = {
				BuildIndependentTargetsInParallel = 1;
				LastSwiftUpdateCheck = 1540;
				LastUpgradeCheck = 1540;
				TargetAttributes = {
					F912DD472D58191A007A72B9 = {
						CreatedOnToolsVersion = 15.4;
					};
					F912DD602D58191B007A72B9 = {
						CreatedOnToolsVersion = 15.4;
						TestTargetID = F912DD472D58191A007A72B9;
					};
					F912DD6A2D58191B007A72B9 = {
						CreatedOnToolsVersion = 15.4;
						TestTargetID = F912DD472D58191A007A72B9;
					};
				};
			};
			buildConfigurationList = F912DD432D58191A007A72B9 /* Build configuration list for PBXProject "UserManagementApp" */;
			compatibilityVersion = "Xcode 14.0";
			developmentRegion = en;
			hasScannedForEncodings = 0;
			knownRegions = (
				en,
				Base,
			);
			mainGroup = F912DD3F2D58191A007A72B9;
			productRefGroup = F912DD492D58191A007A72B9 /* Products */;
			projectDirPath = "";
			projectRoot = "";
			targets = (
				F912DD472D58191A007A72B9 /* UserManagementApp */,
				F912DD602D58191B007A72B9 /* UserManagementAppTests */,
				F912DD6A2D58191B007A72B9 /* UserManagementAppUITests */,
			);
		};
/* End PBXProject section */

/* Begin PBXResourcesBuildPhase section */
		F912DD462D58191A007A72B9 /* Resources */ = {
			isa = PBXResourcesBuildPhase;
			buildActionMask = 2147483647;
			files = (
				F912DD582D58191B007A72B9 /* Assets.xcassets in Resources */,
				F912DD5B2D58191B007A72B9 /* Base in Resources */,
				F912DD532D58191A007A72B9 /* Base in Resources */,
			);
			runOnlyForDeploymentPostprocessing = 0;
		};
		F912DD5F2D58191B007A72B9 /* Resources */ = {
			isa = PBXResourcesBuildPhase;
			buildActionMask = 2147483647;
			files = (
			);
			runOnlyForDeploymentPostprocessing = 0;
		};
		F912DD692D58191B007A72B9 /* Resources */ = {
			isa = PBXResourcesBuildPhase;
			buildActionMask = 2147483647;
			files = (
			);
			runOnlyForDeploymentPostprocessing = 0;
		};
/* End PBXResourcesBuildPhase section */

/* Begin PBXSourcesBuildPhase section */
		F912DD442D58191A007A72B9 /* Sources */ = {
			isa = PBXSourcesBuildPhase;
			buildActionMask = 2147483647;
			files = (
				F912DD982D583222007A72B9 /* UserDetailViewController.swift in Sources */,
				F912DD8A2D581E55007A72B9 /* AppUser.swift in Sources */,
				F912DD882D581DCA007A72B9 /* NetworkManager.swift in Sources */,
				F912DD862D581BF3007A72B9 /* APIEndpoints.swift in Sources */,
				F912DD942D582D74007A72B9 /* UserListVC+TableView.swift in Sources */,
				F912DD962D582E3E007A72B9 /* UserListVC+Alert.swift in Sources */,
				F912DD502D58191A007A72B9 /* ViewController.swift in Sources */,
				F912DD8E2D582873007A72B9 /* UserListViewModel.swift in Sources */,
				F912DD902D582AD5007A72B9 /* UserListViewController.swift in Sources */,
				F912DD4C2D58191A007A72B9 /* AppDelegate.swift in Sources */,
				F912DD4E2D58191A007A72B9 /* SceneDelegate.swift in Sources */,
				F912DD8C2D582280007A72B9 /* UserRepository.swift in Sources */,
				F912DD922D582C9B007A72B9 /* UserCell.swift in Sources */,
				F912DD562D58191A007A72B9 /* UserManagementApp.xcdatamodeld in Sources */,
			);
			runOnlyForDeploymentPostprocessing = 0;
		};
		F912DD5D2D58191B007A72B9 /* Sources */ = {
			isa = PBXSourcesBuildPhase;
			buildActionMask = 2147483647;
			files = (
				F912DD9F2D583F2B007A72B9 /* MockUserRepository.swift in Sources */,
				F912DD662D58191B007A72B9 /* UserManagementAppTests.swift in Sources */,
			);
			runOnlyForDeploymentPostprocessing = 0;
		};
		F912DD672D58191B007A72B9 /* Sources */ = {
			isa = PBXSourcesBuildPhase;
			buildActionMask = 2147483647;
			files = (
				F912DD722D58191B007A72B9 /* UserManagementAppUITestsLaunchTests.swift in Sources */,
				F912DD702D58191B007A72B9 /* UserManagementAppUITests.swift in Sources */,
			);
			runOnlyForDeploymentPostprocessing = 0;
		};
/* End PBXSourcesBuildPhase section */

/* Begin PBXTargetDependency section */
		F912DD632D58191B007A72B9 /* PBXTargetDependency */ = {
			isa = PBXTargetDependency;
			target = F912DD472D58191A007A72B9 /* UserManagementApp */;
			targetProxy = F912DD622D58191B007A72B9 /* PBXContainerItemProxy */;
		};
		F912DD6D2D58191B007A72B9 /* PBXTargetDependency */ = {
			isa = PBXTargetDependency;
			target = F912DD472D58191A007A72B9 /* UserManagementApp */;
			targetProxy = F912DD6C2D58191B007A72B9 /* PBXContainerItemProxy */;
		};
/* End PBXTargetDependency section */

/* Begin PBXVariantGroup section */
		F912DD512D58191A007A72B9 /* Main.storyboard */ = {
			isa = PBXVariantGroup;
			children = (
				F912DD522D58191A007A72B9 /* Base */,
			);
			name = Main.storyboard;
			sourceTree = "<group>";
		};
		F912DD592D58191B007A72B9 /* LaunchScreen.storyboard */ = {
			isa = PBXVariantGroup;
			children = (
				F912DD5A2D58191B007A72B9 /* Base */,
			);
			name = LaunchScreen.storyboard;
			sourceTree = "<group>";
		};
/* End PBXVariantGroup section */

/* Begin XCBuildConfiguration section */
		F912DD732D58191B007A72B9 /* Debug */ = {
			isa = XCBuildConfiguration;
			buildSettings = {
				ALWAYS_SEARCH_USER_PATHS = NO;
				ASSETCATALOG_COMPILER_GENERATE_SWIFT_ASSET_SYMBOL_EXTENSIONS = YES;
				CLANG_ANALYZER_NONNULL = YES;
				CLANG_ANALYZER_NUMBER_OBJECT_CONVERSION = YES_AGGRESSIVE;
				CLANG_CXX_LANGUAGE_STANDARD = "gnu++20";
				CLANG_ENABLE_MODULES = YES;
				CLANG_ENABLE_OBJC_ARC = YES;
				CLANG_ENABLE_OBJC_WEAK = YES;
				CLANG_WARN_BLOCK_CAPTURE_AUTORELEASING = YES;
				CLANG_WARN_BOOL_CONVERSION = YES;
				CLANG_WARN_COMMA = YES;
				CLANG_WARN_CONSTANT_CONVERSION = YES;
				CLANG_WARN_DEPRECATED_OBJC_IMPLEMENTATIONS = YES;
				CLANG_WARN_DIRECT_OBJC_ISA_USAGE = YES_ERROR;
				CLANG_WARN_DOCUMENTATION_COMMENTS = YES;
				CLANG_WARN_EMPTY_BODY = YES;
				CLANG_WARN_ENUM_CONVERSION = YES;
				CLANG_WARN_INFINITE_RECURSION = YES;
				CLANG_WARN_INT_CONVERSION = YES;
				CLANG_WARN_NON_LITERAL_NULL_CONVERSION = YES;
				CLANG_WARN_OBJC_IMPLICIT_RETAIN_SELF = YES;
				CLANG_WARN_OBJC_LITERAL_CONVERSION = YES;
				CLANG_WARN_OBJC_ROOT_CLASS = YES_ERROR;
				CLANG_WARN_QUOTED_INCLUDE_IN_FRAMEWORK_HEADER = YES;
				CLANG_WARN_RANGE_LOOP_ANALYSIS = YES;
				CLANG_WARN_STRICT_PROTOTYPES = YES;
				CLANG_WARN_SUSPICIOUS_MOVE = YES;
				CLANG_WARN_UNGUARDED_AVAILABILITY = YES_AGGRESSIVE;
				CLANG_WARN_UNREACHABLE_CODE = YES;
				CLANG_WARN__DUPLICATE_METHOD_MATCH = YES;
				COPY_PHASE_STRIP = NO;
				DEBUG_INFORMATION_FORMAT = dwarf;
				ENABLE_STRICT_OBJC_MSGSEND = YES;
				ENABLE_TESTABILITY = YES;
				ENABLE_USER_SCRIPT_SANDBOXING = YES;
				GCC_C_LANGUAGE_STANDARD = gnu17;
				GCC_DYNAMIC_NO_PIC = NO;
				GCC_NO_COMMON_BLOCKS = YES;
				GCC_OPTIMIZATION_LEVEL = 0;
				GCC_PREPROCESSOR_DEFINITIONS = (
					"DEBUG=1",
					"$(inherited)",
				);
				GCC_WARN_64_TO_32_BIT_CONVERSION = YES;
				GCC_WARN_ABOUT_RETURN_TYPE = YES_ERROR;
				GCC_WARN_UNDECLARED_SELECTOR = YES;
				GCC_WARN_UNINITIALIZED_AUTOS = YES_AGGRESSIVE;
				GCC_WARN_UNUSED_FUNCTION = YES;
				GCC_WARN_UNUSED_VARIABLE = YES;
				IPHONEOS_DEPLOYMENT_TARGET = 17.5;
				LOCALIZATION_PREFERS_STRING_CATALOGS = YES;
				MTL_ENABLE_DEBUG_INFO = INCLUDE_SOURCE;
				MTL_FAST_MATH = YES;
				ONLY_ACTIVE_ARCH = YES;
				SDKROOT = iphoneos;
				SWIFT_ACTIVE_COMPILATION_CONDITIONS = "DEBUG $(inherited)";
				SWIFT_OPTIMIZATION_LEVEL = "-Onone";
			};
			name = Debug;
		};
		F912DD742D58191B007A72B9 /* Release */ = {
			isa = XCBuildConfiguration;
			buildSettings = {
				ALWAYS_SEARCH_USER_PATHS = NO;
				ASSETCATALOG_COMPILER_GENERATE_SWIFT_ASSET_SYMBOL_EXTENSIONS = YES;
				CLANG_ANALYZER_NONNULL = YES;
				CLANG_ANALYZER_NUMBER_OBJECT_CONVERSION = YES_AGGRESSIVE;
				CLANG_CXX_LANGUAGE_STANDARD = "gnu++20";
				CLANG_ENABLE_MODULES = YES;
				CLANG_ENABLE_OBJC_ARC = YES;
				CLANG_ENABLE_OBJC_WEAK = YES;
				CLANG_WARN_BLOCK_CAPTURE_AUTORELEASING = YES;
				CLANG_WARN_BOOL_CONVERSION = YES;
				CLANG_WARN_COMMA = YES;
				CLANG_WARN_CONSTANT_CONVERSION = YES;
				CLANG_WARN_DEPRECATED_OBJC_IMPLEMENTATIONS = YES;
				CLANG_WARN_DIRECT_OBJC_ISA_USAGE = YES_ERROR;
				CLANG_WARN_DOCUMENTATION_COMMENTS = YES;
				CLANG_WARN_EMPTY_BODY = YES;
				CLANG_WARN_ENUM_CONVERSION = YES;
				CLANG_WARN_INFINITE_RECURSION = YES;
				CLANG_WARN_INT_CONVERSION = YES;
				CLANG_WARN_NON_LITERAL_NULL_CONVERSION = YES;
				CLANG_WARN_OBJC_IMPLICIT_RETAIN_SELF = YES;
				CLANG_WARN_OBJC_LITERAL_CONVERSION = YES;
				CLANG_WARN_OBJC_ROOT_CLASS = YES_ERROR;
				CLANG_WARN_QUOTED_INCLUDE_IN_FRAMEWORK_HEADER = YES;
				CLANG_WARN_RANGE_LOOP_ANALYSIS = YES;
				CLANG_WARN_STRICT_PROTOTYPES = YES;
				CLANG_WARN_SUSPICIOUS_MOVE = YES;
				CLANG_WARN_UNGUARDED_AVAILABILITY = YES_AGGRESSIVE;
				CLANG_WARN_UNREACHABLE_CODE = YES;
				CLANG_WARN__DUPLICATE_METHOD_MATCH = YES;
				COPY_PHASE_STRIP = NO;
				DEBUG_INFORMATION_FORMAT = "dwarf-with-dsym";
				ENABLE_NS_ASSERTIONS = NO;
				ENABLE_STRICT_OBJC_MSGSEND = YES;
				ENABLE_USER_SCRIPT_SANDBOXING = YES;
				GCC_C_LANGUAGE_STANDARD = gnu17;
				GCC_NO_COMMON_BLOCKS = YES;
				GCC_WARN_64_TO_32_BIT_CONVERSION = YES;
				GCC_WARN_ABOUT_RETURN_TYPE = YES_ERROR;
				GCC_WARN_UNDECLARED_SELECTOR = YES;
				GCC_WARN_UNINITIALIZED_AUTOS = YES_AGGRESSIVE;
				GCC_WARN_UNUSED_FUNCTION = YES;
				GCC_WARN_UNUSED_VARIABLE = YES;
				IPHONEOS_DEPLOYMENT_TARGET = 17.5;
				LOCALIZATION_PREFERS_STRING_CATALOGS = YES;
				MTL_ENABLE_DEBUG_INFO = NO;
				MTL_FAST_MATH = YES;
				SDKROOT = iphoneos;
				SWIFT_COMPILATION_MODE = wholemodule;
				VALIDATE_PRODUCT = YES;
			};
			name = Release;
		};
		F912DD762D58191B007A72B9 /* Debug */ = {
			isa = XCBuildConfiguration;
			buildSettings = {
				ASSETCATALOG_COMPILER_APPICON_NAME = AppIcon;
				ASSETCATALOG_COMPILER_GLOBAL_ACCENT_COLOR_NAME = AccentColor;
				CODE_SIGN_STYLE = Automatic;
				CURRENT_PROJECT_VERSION = 1;
				DEVELOPMENT_TEAM = 5A4A2VUMDM;
				GENERATE_INFOPLIST_FILE = YES;
				INFOPLIST_FILE = UserManagementApp/Info.plist;
				INFOPLIST_KEY_UIApplicationSupportsIndirectInputEvents = YES;
				INFOPLIST_KEY_UILaunchStoryboardName = LaunchScreen;
				INFOPLIST_KEY_UIMainStoryboardFile = Main;
				INFOPLIST_KEY_UISupportedInterfaceOrientations_iPad = "UIInterfaceOrientationPortrait UIInterfaceOrientationPortraitUpsideDown UIInterfaceOrientationLandscapeLeft UIInterfaceOrientationLandscapeRight";
				INFOPLIST_KEY_UISupportedInterfaceOrientations_iPhone = "UIInterfaceOrientationPortrait UIInterfaceOrientationLandscapeLeft UIInterfaceOrientationLandscapeRight";
				LD_RUNPATH_SEARCH_PATHS = (
					"$(inherited)",
					"@executable_path/Frameworks",
				);
				MARKETING_VERSION = 1.0;
				PRODUCT_BUNDLE_IDENTIFIER = yusufyildirim.com.UserManagementApp;
				PRODUCT_NAME = "$(TARGET_NAME)";
				SWIFT_EMIT_LOC_STRINGS = YES;
				SWIFT_VERSION = 5.0;
				TARGETED_DEVICE_FAMILY = "1,2";
			};
			name = Debug;
		};
		F912DD772D58191B007A72B9 /* Release */ = {
			isa = XCBuildConfiguration;
			buildSettings = {
				ASSETCATALOG_COMPILER_APPICON_NAME = AppIcon;
				ASSETCATALOG_COMPILER_GLOBAL_ACCENT_COLOR_NAME = AccentColor;
				CODE_SIGN_STYLE = Automatic;
				CURRENT_PROJECT_VERSION = 1;
				DEVELOPMENT_TEAM = 5A4A2VUMDM;
				GENERATE_INFOPLIST_FILE = YES;
				INFOPLIST_FILE = UserManagementApp/Info.plist;
				INFOPLIST_KEY_UIApplicationSupportsIndirectInputEvents = YES;
				INFOPLIST_KEY_UILaunchStoryboardName = LaunchScreen;
				INFOPLIST_KEY_UIMainStoryboardFile = Main;
				INFOPLIST_KEY_UISupportedInterfaceOrientations_iPad = "UIInterfaceOrientationPortrait UIInterfaceOrientationPortraitUpsideDown UIInterfaceOrientationLandscapeLeft UIInterfaceOrientationLandscapeRight";
				INFOPLIST_KEY_UISupportedInterfaceOrientations_iPhone = "UIInterfaceOrientationPortrait UIInterfaceOrientationLandscapeLeft UIInterfaceOrientationLandscapeRight";
				LD_RUNPATH_SEARCH_PATHS = (
					"$(inherited)",
					"@executable_path/Frameworks",
				);
				MARKETING_VERSION = 1.0;
				PRODUCT_BUNDLE_IDENTIFIER = yusufyildirim.com.UserManagementApp;
				PRODUCT_NAME = "$(TARGET_NAME)";
				SWIFT_EMIT_LOC_STRINGS = YES;
				SWIFT_VERSION = 5.0;
				TARGETED_DEVICE_FAMILY = "1,2";
			};
			name = Release;
		};
		F912DD792D58191B007A72B9 /* Debug */ = {
			isa = XCBuildConfiguration;
			buildSettings = {
				ALWAYS_EMBED_SWIFT_STANDARD_LIBRARIES = YES;
				BUNDLE_LOADER = "$(TEST_HOST)";
				CODE_SIGN_STYLE = Automatic;
				CURRENT_PROJECT_VERSION = 1;
				DEVELOPMENT_TEAM = 5A4A2VUMDM;
				GENERATE_INFOPLIST_FILE = YES;
				IPHONEOS_DEPLOYMENT_TARGET = 17.5;
				MARKETING_VERSION = 1.0;
				PRODUCT_BUNDLE_IDENTIFIER = yusufyildirim.com.UserManagementAppTests;
				PRODUCT_NAME = "$(TARGET_NAME)";
				SWIFT_EMIT_LOC_STRINGS = NO;
				SWIFT_VERSION = 5.0;
				TARGETED_DEVICE_FAMILY = "1,2";
				TEST_HOST = "$(BUILT_PRODUCTS_DIR)/UserManagementApp.app/$(BUNDLE_EXECUTABLE_FOLDER_PATH)/UserManagementApp";
			};
			name = Debug;
		};
		F912DD7A2D58191B007A72B9 /* Release */ = {
			isa = XCBuildConfiguration;
			buildSettings = {
				ALWAYS_EMBED_SWIFT_STANDARD_LIBRARIES = YES;
				BUNDLE_LOADER = "$(TEST_HOST)";
				CODE_SIGN_STYLE = Automatic;
				CURRENT_PROJECT_VERSION = 1;
				DEVELOPMENT_TEAM = 5A4A2VUMDM;
				GENERATE_INFOPLIST_FILE = YES;
				IPHONEOS_DEPLOYMENT_TARGET = 17.5;
				MARKETING_VERSION = 1.0;
				PRODUCT_BUNDLE_IDENTIFIER = yusufyildirim.com.UserManagementAppTests;
				PRODUCT_NAME = "$(TARGET_NAME)";
				SWIFT_EMIT_LOC_STRINGS = NO;
				SWIFT_VERSION = 5.0;
				TARGETED_DEVICE_FAMILY = "1,2";
				TEST_HOST = "$(BUILT_PRODUCTS_DIR)/UserManagementApp.app/$(BUNDLE_EXECUTABLE_FOLDER_PATH)/UserManagementApp";
			};
			name = Release;
		};
		F912DD7C2D58191B007A72B9 /* Debug */ = {
			isa = XCBuildConfiguration;
			buildSettings = {
				ALWAYS_EMBED_SWIFT_STANDARD_LIBRARIES = YES;
				CODE_SIGN_STYLE = Automatic;
				CURRENT_PROJECT_VERSION = 1;
				DEVELOPMENT_TEAM = 5A4A2VUMDM;
				GENERATE_INFOPLIST_FILE = YES;
				MARKETING_VERSION = 1.0;
				PRODUCT_BUNDLE_IDENTIFIER = yusufyildirim.com.UserManagementAppUITests;
				PRODUCT_NAME = "$(TARGET_NAME)";
				SWIFT_EMIT_LOC_STRINGS = NO;
				SWIFT_VERSION = 5.0;
				TARGETED_DEVICE_FAMILY = "1,2";
				TEST_TARGET_NAME = UserManagementApp;
			};
			name = Debug;
		};
		F912DD7D2D58191B007A72B9 /* Release */ = {
			isa = XCBuildConfiguration;
			buildSettings = {
				ALWAYS_EMBED_SWIFT_STANDARD_LIBRARIES = YES;
				CODE_SIGN_STYLE = Automatic;
				CURRENT_PROJECT_VERSION = 1;
				DEVELOPMENT_TEAM = 5A4A2VUMDM;
				GENERATE_INFOPLIST_FILE = YES;
				MARKETING_VERSION = 1.0;
				PRODUCT_BUNDLE_IDENTIFIER = yusufyildirim.com.UserManagementAppUITests;
				PRODUCT_NAME = "$(TARGET_NAME)";
				SWIFT_EMIT_LOC_STRINGS = NO;
				SWIFT_VERSION = 5.0;
				TARGETED_DEVICE_FAMILY = "1,2";
				TEST_TARGET_NAME = UserManagementApp;
			};
			name = Release;
		};
/* End XCBuildConfiguration section */

/* Begin XCConfigurationList section */
		F912DD432D58191A007A72B9 /* Build configuration list for PBXProject "UserManagementApp" */ = {
			isa = XCConfigurationList;
			buildConfigurations = (
				F912DD732D58191B007A72B9 /* Debug */,
				F912DD742D58191B007A72B9 /* Release */,
			);
			defaultConfigurationIsVisible = 0;
			defaultConfigurationName = Release;
		};
		F912DD752D58191B007A72B9 /* Build configuration list for PBXNativeTarget "UserManagementApp" */ = {
			isa = XCConfigurationList;
			buildConfigurations = (
				F912DD762D58191B007A72B9 /* Debug */,
				F912DD772D58191B007A72B9 /* Release */,
			);
			defaultConfigurationIsVisible = 0;
			defaultConfigurationName = Release;
		};
		F912DD782D58191B007A72B9 /* Build configuration list for PBXNativeTarget "UserManagementAppTests" */ = {
			isa = XCConfigurationList;
			buildConfigurations = (
				F912DD792D58191B007A72B9 /* Debug */,
				F912DD7A2D58191B007A72B9 /* Release */,
			);
			defaultConfigurationIsVisible = 0;
			defaultConfigurationName = Release;
		};
		F912DD7B2D58191B007A72B9 /* Build configuration list for PBXNativeTarget "UserManagementAppUITests" */ = {
			isa = XCConfigurationList;
			buildConfigurations = (
				F912DD7C2D58191B007A72B9 /* Debug */,
				F912DD7D2D58191B007A72B9 /* Release */,
			);
			defaultConfigurationIsVisible = 0;
			defaultConfigurationName = Release;
		};
/* End XCConfigurationList section */

/* Begin XCVersionGroup section */
		F912DD542D58191A007A72B9 /* UserManagementApp.xcdatamodeld */ = {
			isa = XCVersionGroup;
			children = (
				F912DD552D58191A007A72B9 /* UserManagementApp.xcdatamodel */,
			);
			currentVersion = F912DD552D58191A007A72B9 /* UserManagementApp.xcdatamodel */;
			path = UserManagementApp.xcdatamodeld;
			sourceTree = "<group>";
			versionGroupType = wrapper.xcdatamodel;
		};
/* End XCVersionGroup section */
	};
	rootObject = F912DD402D58191A007A72B9 /* Project object */;
}
